// !$*UTF8*$!
{
	archiveVersion = 1;
	classes = {
	};
	objectVersion = 46;
	objects = {

/* Begin PBXBuildFile section */
		173E7AE3A95581A56453AA86 /* libPods-RTStock.a in Frameworks */ = {isa = PBXBuildFile; fileRef = 8B02E5150CBBF69633C527CA /* libPods-RTStock.a */; };
		B3169C4E1D044B64005A9E7C /* main.m in Sources */ = {isa = PBXBuildFile; fileRef = B3169C4D1D044B64005A9E7C /* main.m */; };
		B3169C511D044B64005A9E7C /* AppDelegate.m in Sources */ = {isa = PBXBuildFile; fileRef = B3169C501D044B64005A9E7C /* AppDelegate.m */; };
		B3169C591D044B64005A9E7C /* Assets.xcassets in Resources */ = {isa = PBXBuildFile; fileRef = B3169C581D044B64005A9E7C /* Assets.xcassets */; };
		B3169C5C1D044B64005A9E7C /* LaunchScreen.storyboard in Resources */ = {isa = PBXBuildFile; fileRef = B3169C5A1D044B64005A9E7C /* LaunchScreen.storyboard */; };
		B3169C651D044BFD005A9E7C /* JSRootViewController.m in Sources */ = {isa = PBXBuildFile; fileRef = B3169C641D044BFD005A9E7C /* JSRootViewController.m */; };
/* End PBXBuildFile section */

/* Begin PBXFileReference section */
		1196134F5365C4F7C9AF52A1 /* Pods-RTStock.debug.xcconfig */ = {isa = PBXFileReference; includeInIndex = 1; lastKnownFileType = text.xcconfig; name = "Pods-RTStock.debug.xcconfig"; path = "Pods/Target Support Files/Pods-RTStock/Pods-RTStock.debug.xcconfig"; sourceTree = "<group>"; };
		37831482101781A380F01FC1 /* Pods-RTStock.release.xcconfig */ = {isa = PBXFileReference; includeInIndex = 1; lastKnownFileType = text.xcconfig; name = "Pods-RTStock.release.xcconfig"; path = "Pods/Target Support Files/Pods-RTStock/Pods-RTStock.release.xcconfig"; sourceTree = "<group>"; };
		8B02E5150CBBF69633C527CA /* libPods-RTStock.a */ = {isa = PBXFileReference; explicitFileType = archive.ar; includeInIndex = 0; path = "libPods-RTStock.a"; sourceTree = BUILT_PRODUCTS_DIR; };
		B3169C491D044B64005A9E7C /* RTStock.app */ = {isa = PBXFileReference; explicitFileType = wrapper.application; includeInIndex = 0; path = RTStock.app; sourceTree = BUILT_PRODUCTS_DIR; };
		B3169C4D1D044B64005A9E7C /* main.m */ = {isa = PBXFileReference; lastKnownFileType = sourcecode.c.objc; path = main.m; sourceTree = "<group>"; };
		B3169C4F1D044B64005A9E7C /* AppDelegate.h */ = {isa = PBXFileReference; lastKnownFileType = sourcecode.c.h; path = AppDelegate.h; sourceTree = "<group>"; };
		B3169C501D044B64005A9E7C /* AppDelegate.m */ = {isa = PBXFileReference; lastKnownFileType = sourcecode.c.objc; path = AppDelegate.m; sourceTree = "<group>"; };
		B3169C581D044B64005A9E7C /* Assets.xcassets */ = {isa = PBXFileReference; lastKnownFileType = folder.assetcatalog; path = Assets.xcassets; sourceTree = "<group>"; };
		B3169C5B1D044B64005A9E7C /* Base */ = {isa = PBXFileReference; lastKnownFileType = file.storyboard; name = Base; path = Base.lproj/LaunchScreen.storyboard; sourceTree = "<group>"; };
		B3169C5D1D044B64005A9E7C /* Info.plist */ = {isa = PBXFileReference; lastKnownFileType = text.plist.xml; path = Info.plist; sourceTree = "<group>"; };
		B3169C631D044BFD005A9E7C /* JSRootViewController.h */ = {isa = PBXFileReference; fileEncoding = 4; lastKnownFileType = sourcecode.c.h; name = JSRootViewController.h; path = ../JSRootViewController.h; sourceTree = "<group>"; };
		B3169C641D044BFD005A9E7C /* JSRootViewController.m */ = {isa = PBXFileReference; fileEncoding = 4; lastKnownFileType = sourcecode.c.objc; name = JSRootViewController.m; path = ../JSRootViewController.m; sourceTree = "<group>"; };
/* End PBXFileReference section */

/* Begin PBXFrameworksBuildPhase section */
		B3169C461D044B64005A9E7C /* Frameworks */ = {
			isa = PBXFrameworksBuildPhase;
			buildActionMask = 2147483647;
			files = (
				173E7AE3A95581A56453AA86 /* libPods-RTStock.a in Frameworks */,
			);
			runOnlyForDeploymentPostprocessing = 0;
		};
/* End PBXFrameworksBuildPhase section */

/* Begin PBXGroup section */
		0874EBE7960F2C94D34519B0 /* Frameworks */ = {
			isa = PBXGroup;
			children = (
				8B02E5150CBBF69633C527CA /* libPods-RTStock.a */,
			);
			name = Frameworks;
			sourceTree = "<group>";
		};
		5E0652E458072DC7B9F8E1E9 /* Pods */ = {
			isa = PBXGroup;
			children = (
				1196134F5365C4F7C9AF52A1 /* Pods-RTStock.debug.xcconfig */,
				37831482101781A380F01FC1 /* Pods-RTStock.release.xcconfig */,
			);
			name = Pods;
			sourceTree = "<group>";
		};
		B3169C401D044B64005A9E7C = {
			isa = PBXGroup;
			children = (
				B3169C4B1D044B64005A9E7C /* RTStock */,
				B3169C4A1D044B64005A9E7C /* Products */,
				5E0652E458072DC7B9F8E1E9 /* Pods */,
				0874EBE7960F2C94D34519B0 /* Frameworks */,
			);
			sourceTree = "<group>";
		};
		B3169C4A1D044B64005A9E7C /* Products */ = {
			isa = PBXGroup;
			children = (
				B3169C491D044B64005A9E7C /* RTStock.app */,
			);
			name = Products;
			sourceTree = "<group>";
		};
		B3169C4B1D044B64005A9E7C /* RTStock */ = {
			isa = PBXGroup;
			children = (
				B3169C4F1D044B64005A9E7C /* AppDelegate.h */,
				B3169C501D044B64005A9E7C /* AppDelegate.m */,
				B3169C631D044BFD005A9E7C /* JSRootViewController.h */,
				B3169C641D044BFD005A9E7C /* JSRootViewController.m */,
				B3169C581D044B64005A9E7C /* Assets.xcassets */,
				B3169C5A1D044B64005A9E7C /* LaunchScreen.storyboard */,
				B3169C5D1D044B64005A9E7C /* Info.plist */,
				B3169C4C1D044B64005A9E7C /* Supporting Files */,
			);
			path = RTStock;
			sourceTree = "<group>";
		};
		B3169C4C1D044B64005A9E7C /* Supporting Files */ = {
			isa = PBXGroup;
			children = (
				B3169C4D1D044B64005A9E7C /* main.m */,
			);
			name = "Supporting Files";
			sourceTree = "<group>";
		};
/* End PBXGroup section */

/* Begin PBXNativeTarget section */
		B3169C481D044B64005A9E7C /* RTStock */ = {
			isa = PBXNativeTarget;
			buildConfigurationList = B3169C601D044B64005A9E7C /* Build configuration list for PBXNativeTarget "RTStock" */;
			buildPhases = (
				E4584C0F0EB57CF0E096176D /* 📦 Check Pods Manifest.lock */,
				B3169C451D044B64005A9E7C /* Sources */,
				B3169C461D044B64005A9E7C /* Frameworks */,
				B3169C471D044B64005A9E7C /* Resources */,
				9E9F70ECEC77EDBF7C4DD30F /* 📦 Embed Pods Frameworks */,
				1463F31D548FA7BE604E0A0C /* 📦 Copy Pods Resources */,
			);
			buildRules = (
			);
			dependencies = (
			);
			name = RTStock;
			productName = RTStock;
			productReference = B3169C491D044B64005A9E7C /* RTStock.app */;
			productType = "com.apple.product-type.application";
		};
/* End PBXNativeTarget section */

/* Begin PBXProject section */
		B3169C411D044B64005A9E7C /* Project object */ = {
			isa = PBXProject;
			attributes = {
				CLASSPREFIX = JS;
				LastUpgradeCheck = 0730;
				ORGANIZATIONNAME = leo;
				TargetAttributes = {
					B3169C481D044B64005A9E7C = {
						CreatedOnToolsVersion = 7.3.1;
					};
				};
			};
			buildConfigurationList = B3169C441D044B64005A9E7C /* Build configuration list for PBXProject "RTStock" */;
			compatibilityVersion = "Xcode 3.2";
			developmentRegion = English;
			hasScannedForEncodings = 0;
			knownRegions = (
				en,
				Base,
			);
			mainGroup = B3169C401D044B64005A9E7C;
			productRefGroup = B3169C4A1D044B64005A9E7C /* Products */;
			projectDirPath = "";
			projectRoot = "";
			targets = (
				B3169C481D044B64005A9E7C /* RTStock */,
			);
		};
/* End PBXProject section */

/* Begin PBXResourcesBuildPhase section */
		B3169C471D044B64005A9E7C /* Resources */ = {
			isa = PBXResourcesBuildPhase;
			buildActionMask = 2147483647;
			files = (
				B3169C5C1D044B64005A9E7C /* LaunchScreen.storyboard in Resources */,
				B3169C591D044B64005A9E7C /* Assets.xcassets in Resources */,
			);
			runOnlyForDeploymentPostprocessing = 0;
		};
/* End PBXResourcesBuildPhase section */

/* Begin PBXShellScriptBuildPhase section */
		1463F31D548FA7BE604E0A0C /* 📦 Copy Pods Resources */ = {
			isa = PBXShellScriptBuildPhase;
			buildActionMask = 2147483647;
			files = (
			);
			inputPaths = (
			);
			name = "📦 Copy Pods Resources";
			outputPaths = (
			);
			runOnlyForDeploymentPostprocessing = 0;
			shellPath = /bin/sh;
			shellScript = "\"${SRCROOT}/Pods/Target Support Files/Pods-RTStock/Pods-RTStock-resources.sh\"\n";
			showEnvVarsInLog = 0;
		};
		9E9F70ECEC77EDBF7C4DD30F /* 📦 Embed Pods Frameworks */ = {
			isa = PBXShellScriptBuildPhase;
			buildActionMask = 2147483647;
			files = (
			);
			inputPaths = (
			);
			name = "📦 Embed Pods Frameworks";
			outputPaths = (
			);
			runOnlyForDeploymentPostprocessing = 0;
			shellPath = /bin/sh;
			shellScript = "\"${SRCROOT}/Pods/Target Support Files/Pods-RTStock/Pods-RTStock-frameworks.sh\"\n";
			showEnvVarsInLog = 0;
		};
		E4584C0F0EB57CF0E096176D /* 📦 Check Pods Manifest.lock */ = {
			isa = PBXShellScriptBuildPhase;
			buildActionMask = 2147483647;
			files = (
			);
			inputPaths = (
			);
			name = "📦 Check Pods Manifest.lock";
			outputPaths = (
			);
			runOnlyForDeploymentPostprocessing = 0;
			shellPath = /bin/sh;
			shellScript = "diff \"${PODS_ROOT}/../Podfile.lock\" \"${PODS_ROOT}/Manifest.lock\" > /dev/null\nif [[ $? != 0 ]] ; then\n    cat << EOM\nerror: The sandbox is not in sync with the Podfile.lock. Run 'pod install' or update your CocoaPods installation.\nEOM\n    exit 1\nfi\n";
			showEnvVarsInLog = 0;
		};
/* End PBXShellScriptBuildPhase section */

/* Begin PBXSourcesBuildPhase section */
		B3169C451D044B64005A9E7C /* Sources */ = {
			isa = PBXSourcesBuildPhase;
			buildActionMask = 2147483647;
			files = (
				B3169C511D044B64005A9E7C /* AppDelegate.m in Sources */,
				B3169C651D044BFD005A9E7C /* JSRootViewController.m in Sources */,
				B3169C4E1D044B64005A9E7C /* main.m in Sources */,
			);
			runOnlyForDeploymentPostprocessing = 0;
		};
/* End PBXSourcesBuildPhase section */

/* Begin PBXVariantGroup section */
		B3169C5A1D044B64005A9E7C /* LaunchScreen.storyboard */ = {
			isa = PBXVariantGroup;
			children = (
				B3169C5B1D044B64005A9E7C /* Base */,
			);
			name = LaunchScreen.storyboard;
			sourceTree = "<group>";
		};
/* End PBXVariantGroup section */

/* Begin XCBuildConfiguration section */
		B3169C5E1D044B64005A9E7C /* Debug */ = {
			isa = XCBuildConfiguration;
			buildSettings = {
				ALWAYS_SEARCH_USER_PATHS = NO;
				CLANG_ANALYZER_NONNULL = YES;
				CLANG_CXX_LANGUAGE_STANDARD = "gnu++0x";
				CLANG_CXX_LIBRARY = "libc++";
				CLANG_ENABLE_MODULES = YES;
				CLANG_ENABLE_OBJC_ARC = YES;
				CLANG_WARN_BOOL_CONVERSION = YES;
				CLANG_WARN_CONSTANT_CONVERSION = YES;
				CLANG_WARN_DIRECT_OBJC_ISA_USAGE = YES_ERROR;
				CLANG_WARN_EMPTY_BODY = YES;
				CLANG_WARN_ENUM_CONVERSION = YES;
				CLANG_WARN_INT_CONVERSION = YES;
				CLANG_WARN_OBJC_ROOT_CLASS = YES_ERROR;
				CLANG_WARN_UNREACHABLE_CODE = YES;
				CLANG_WARN__DUPLICATE_METHOD_MATCH = YES;
				"CODE_SIGN_IDENTITY[sdk=iphoneos*]" = "iPhone Developer";
				COPY_PHASE_STRIP = NO;
				DEBUG_INFORMATION_FORMAT = dwarf;
				ENABLE_STRICT_OBJC_MSGSEND = YES;
				ENABLE_TESTABILITY = YES;
				GCC_C_LANGUAGE_STANDARD = gnu99;
				GCC_DYNAMIC_NO_PIC = NO;
				GCC_NO_COMMON_BLOCKS = YES;
				GCC_OPTIMIZATION_LEVEL = 0;
				GCC_PREPROCESSOR_DEFINITIONS = (
					"DEBUG=1",
					"$(inherited)",
				);
				GCC_WARN_64_TO_32_BIT_CONVERSION = YES;
				GCC_WARN_ABOUT_RETURN_TYPE = YES_ERROR;
				GCC_WARN_UNDECLARED_SELECTOR = YES;
				GCC_WARN_UNINITIALIZED_AUTOS = YES_AGGRESSIVE;
				GCC_WARN_UNUSED_FUNCTION = YES;
				GCC_WARN_UNUSED_VARIABLE = YES;
				IPHONEOS_DEPLOYMENT_TARGET = 9.3;
				MTL_ENABLE_DEBUG_INFO = YES;
				ONLY_ACTIVE_ARCH = YES;
				SDKROOT = iphoneos;
			};
			name = Debug;
		};
		B3169C5F1D044B64005A9E7C /* Release */ = {
			isa = XCBuildConfiguration;
			buildSettings = {
				ALWAYS_SEARCH_USER_PATHS = NO;
				CLANG_ANALYZER_NONNULL = YES;
				CLANG_CXX_LANGUAGE_STANDARD = "gnu++0x";
				CLANG_CXX_LIBRARY = "libc++";
				CLANG_ENABLE_MODULES = YES;
				CLANG_ENABLE_OBJC_ARC = YES;
				CLANG_WARN_BOOL_CONVERSION = YES;
				CLANG_WARN_CONSTANT_CONVERSION = YES;
				CLANG_WARN_DIRECT_OBJC_ISA_USAGE = YES_ERROR;
				CLANG_WARN_EMPTY_BODY = YES;
				CLANG_WARN_ENUM_CONVERSION = YES;
				CLANG_WARN_INT_CONVERSION = YES;
				CLANG_WARN_OBJC_ROOT_CLASS = YES_ERROR;
				CLANG_WARN_UNREACHABLE_CODE = YES;
				CLANG_WARN__DUPLICATE_METHOD_MATCH = YES;
				"CODE_SIGN_IDENTITY[sdk=iphoneos*]" = "iPhone Developer";
				COPY_PHASE_STRIP = NO;
				DEBUG_INFORMATION_FORMAT = "dwarf-with-dsym";
				ENABLE_NS_ASSERTIONS = NO;
				ENABLE_STRICT_OBJC_MSGSEND = YES;
				GCC_C_LANGUAGE_STANDARD = gnu99;
				GCC_NO_COMMON_BLOCKS = YES;
				GCC_WARN_64_TO_32_BIT_CONVERSION = YES;
				GCC_WARN_ABOUT_RETURN_TYPE = YES_ERROR;
				GCC_WARN_UNDECLARED_SELECTOR = YES;
				GCC_WARN_UNINITIALIZED_AUTOS = YES_AGGRESSIVE;
				GCC_WARN_UNUSED_FUNCTION = YES;
				GCC_WARN_UNUSED_VARIABLE = YES;
				IPHONEOS_DEPLOYMENT_TARGET = 9.3;
				MTL_ENABLE_DEBUG_INFO = NO;
				SDKROOT = iphoneos;
				VALIDATE_PRODUCT = YES;
			};
			name = Release;
		};
		B3169C611D044B64005A9E7C /* Debug */ = {
			isa = XCBuildConfiguration;
			baseConfigurationReference = 1196134F5365C4F7C9AF52A1 /* Pods-RTStock.debug.xcconfig */;
			buildSettings = {
				ASSETCATALOG_COMPILER_APPICON_NAME = AppIcon;
				INFOPLIST_FILE = RTStock/Info.plist;
				IPHONEOS_DEPLOYMENT_TARGET = 8.0;
				LD_RUNPATH_SEARCH_PATHS = "$(inherited) @executable_path/Frameworks";
				PRODUCT_BUNDLE_IDENTIFIER = com.leo.RTStock;
				PRODUCT_NAME = "$(TARGET_NAME)";
			};
			name = Debug;
		};
		B3169C621D044B64005A9E7C /* Release */ = {
			isa = XCBuildConfiguration;
			baseConfigurationReference = 37831482101781A380F01FC1 /* Pods-RTStock.release.xcconfig */;
			buildSettings = {
				ASSETCATALOG_COMPILER_APPICON_NAME = AppIcon;
				INFOPLIST_FILE = RTStock/Info.plist;
				IPHONEOS_DEPLOYMENT_TARGET = 8.0;
				LD_RUNPATH_SEARCH_PATHS = "$(inherited) @executable_path/Frameworks";
				PRODUCT_BUNDLE_IDENTIFIER = com.leo.RTStock;
				PRODUCT_NAME = "$(TARGET_NAME)";
			};
			name = Release;
		};
/* End XCBuildConfiguration section */

/* Begin XCConfigurationList section */
		B3169C441D044B64005A9E7C /* Build configuration list for PBXProject "RTStock" */ = {
			isa = XCConfigurationList;
			buildConfigurations = (
				B3169C5E1D044B64005A9E7C /* Debug */,
				B3169C5F1D044B64005A9E7C /* Release */,
			);
			defaultConfigurationIsVisible = 0;
			defaultConfigurationName = Release;
		};
		B3169C601D044B64005A9E7C /* Build configuration list for PBXNativeTarget "RTStock" */ = {
			isa = XCConfigurationList;
			buildConfigurations = (
				B3169C611D044B64005A9E7C /* Debug */,
				B3169C621D044B64005A9E7C /* Release */,
			);
			defaultConfigurationIsVisible = 0;
			defaultConfigurationName = Release;
		};
/* End XCConfigurationList section */
	};
	rootObject = B3169C411D044B64005A9E7C /* Project object */;
}
